// !$*UTF8*$!
{
	archiveVersion = 1;
	classes = {
	};
	objectVersion = 50;
	objects = {

/* Begin PBXBuildFile section */
		BBA05C4624DF0F2000701D8D /* AppDelegate.swift in Sources */ = {isa = PBXBuildFile; fileRef = BBA05C4524DF0F2000701D8D /* AppDelegate.swift */; };
		BBA05C4824DF0F2000701D8D /* SceneDelegate.swift in Sources */ = {isa = PBXBuildFile; fileRef = BBA05C4724DF0F2000701D8D /* SceneDelegate.swift */; };
		BBA05C4A24DF0F2000701D8D /* ViewController.swift in Sources */ = {isa = PBXBuildFile; fileRef = BBA05C4924DF0F2000701D8D /* ViewController.swift */; };
		BBA05C4D24DF0F2000701D8D /* Main.storyboard in Resources */ = {isa = PBXBuildFile; fileRef = BBA05C4B24DF0F2000701D8D /* Main.storyboard */; };
		BBA05C5024DF0F2000701D8D /* RT_ChatApp.xcdatamodeld in Sources */ = {isa = PBXBuildFile; fileRef = BBA05C4E24DF0F2000701D8D /* RT_ChatApp.xcdatamodeld */; };
		BBA05C5224DF0F2400701D8D /* Assets.xcassets in Resources */ = {isa = PBXBuildFile; fileRef = BBA05C5124DF0F2400701D8D /* Assets.xcassets */; };
		BBA05C5524DF0F2400701D8D /* LaunchScreen.storyboard in Resources */ = {isa = PBXBuildFile; fileRef = BBA05C5324DF0F2400701D8D /* LaunchScreen.storyboard */; };
/* End PBXBuildFile section */

/* Begin PBXFileReference section */
		BBA05C4224DF0F2000701D8D /* RT-ChatApp.app */ = {isa = PBXFileReference; explicitFileType = wrapper.application; includeInIndex = 0; path = "RT-ChatApp.app"; sourceTree = BUILT_PRODUCTS_DIR; };
		BBA05C4524DF0F2000701D8D /* AppDelegate.swift */ = {isa = PBXFileReference; lastKnownFileType = sourcecode.swift; path = AppDelegate.swift; sourceTree = "<group>"; };
		BBA05C4724DF0F2000701D8D /* SceneDelegate.swift */ = {isa = PBXFileReference; lastKnownFileType = sourcecode.swift; path = SceneDelegate.swift; sourceTree = "<group>"; };
		BBA05C4924DF0F2000701D8D /* ViewController.swift */ = {isa = PBXFileReference; lastKnownFileType = sourcecode.swift; path = ViewController.swift; sourceTree = "<group>"; };
		BBA05C4C24DF0F2000701D8D /* Base */ = {isa = PBXFileReference; lastKnownFileType = file.storyboard; name = Base; path = Base.lproj/Main.storyboard; sourceTree = "<group>"; };
		BBA05C4F24DF0F2000701D8D /* RT_ChatApp.xcdatamodel */ = {isa = PBXFileReference; lastKnownFileType = wrapper.xcdatamodel; path = RT_ChatApp.xcdatamodel; sourceTree = "<group>"; };
		BBA05C5124DF0F2400701D8D /* Assets.xcassets */ = {isa = PBXFileReference; lastKnownFileType = folder.assetcatalog; path = Assets.xcassets; sourceTree = "<group>"; };
		BBA05C5424DF0F2400701D8D /* Base */ = {isa = PBXFileReference; lastKnownFileType = file.storyboard; name = Base; path = Base.lproj/LaunchScreen.storyboard; sourceTree = "<group>"; };
		BBA05C5624DF0F2400701D8D /* Info.plist */ = {isa = PBXFileReference; lastKnownFileType = text.plist.xml; path = Info.plist; sourceTree = "<group>"; };
/* End PBXFileReference section */

/* Begin PBXFrameworksBuildPhase section */
		BBA05C3F24DF0F2000701D8D /* Frameworks */ = {
			isa = PBXFrameworksBuildPhase;
			buildActionMask = 2147483647;
			files = (
			);
			runOnlyForDeploymentPostprocessing = 0;
		};
/* End PBXFrameworksBuildPhase section */

/* Begin PBXGroup section */
		BBA05C3924DF0F1F00701D8D = {
			isa = PBXGroup;
			children = (
				BBA05C4424DF0F2000701D8D /* RT-ChatApp */,
				BBA05C4324DF0F2000701D8D /* Products */,
			);
			sourceTree = "<group>";
		};
		BBA05C4324DF0F2000701D8D /* Products */ = {
			isa = PBXGroup;
			children = (
				BBA05C4224DF0F2000701D8D /* RT-ChatApp.app */,
			);
			name = Products;
			sourceTree = "<group>";
		};
		BBA05C4424DF0F2000701D8D /* RT-ChatApp */ = {
			isa = PBXGroup;
			children = (
				BBA05C4524DF0F2000701D8D /* AppDelegate.swift */,
				BBA05C4724DF0F2000701D8D /* SceneDelegate.swift */,
				BBA05C4924DF0F2000701D8D /* ViewController.swift */,
				BBA05C4B24DF0F2000701D8D /* Main.storyboard */,
				BBA05C5124DF0F2400701D8D /* Assets.xcassets */,
				BBA05C5324DF0F2400701D8D /* LaunchScreen.storyboard */,
				BBA05C5624DF0F2400701D8D /* Info.plist */,
				BBA05C4E24DF0F2000701D8D /* RT_ChatApp.xcdatamodeld */,
			);
			path = "RT-ChatApp";
			sourceTree = "<group>";
		};
/* End PBXGroup section */

/* Begin PBXNativeTarget section */
		BBA05C4124DF0F2000701D8D /* RT-ChatApp */ = {
			isa = PBXNativeTarget;
			buildConfigurationList = BBA05C5924DF0F2400701D8D /* Build configuration list for PBXNativeTarget "RT-ChatApp" */;
			buildPhases = (
				BBA05C3E24DF0F2000701D8D /* Sources */,
				BBA05C3F24DF0F2000701D8D /* Frameworks */,
				BBA05C4024DF0F2000701D8D /* Resources */,
			);
			buildRules = (
			);
			dependencies = (
			);
			name = "RT-ChatApp";
			productName = "RT-ChatApp";
			productReference = BBA05C4224DF0F2000701D8D /* RT-ChatApp.app */;
			productType = "com.apple.product-type.application";
		};
/* End PBXNativeTarget section */

/* Begin PBXProject section */
		BBA05C3A24DF0F1F00701D8D /* Project object */ = {
			isa = PBXProject;
			attributes = {
				LastSwiftUpdateCheck = 1150;
				LastUpgradeCheck = 1150;
				ORGANIZATIONNAME = eyecorps;
				TargetAttributes = {
					BBA05C4124DF0F2000701D8D = {
						CreatedOnToolsVersion = 11.5;
					};
				};
			};
			buildConfigurationList = BBA05C3D24DF0F1F00701D8D /* Build configuration list for PBXProject "RT-ChatApp" */;
			compatibilityVersion = "Xcode 9.3";
			developmentRegion = en;
			hasScannedForEncodings = 0;
			knownRegions = (
				en,
				Base,
			);
			mainGroup = BBA05C3924DF0F1F00701D8D;
			productRefGroup = BBA05C4324DF0F2000701D8D /* Products */;
			projectDirPath = "";
			projectRoot = "";
			targets = (
				BBA05C4124DF0F2000701D8D /* RT-ChatApp */,
			);
		};
/* End PBXProject section */

/* Begin PBXResourcesBuildPhase section */
		BBA05C4024DF0F2000701D8D /* Resources */ = {
			isa = PBXResourcesBuildPhase;
			buildActionMask = 2147483647;
			files = (
				BBA05C5524DF0F2400701D8D /* LaunchScreen.storyboard in Resources */,
				BBA05C5224DF0F2400701D8D /* Assets.xcassets in Resources */,
				BBA05C4D24DF0F2000701D8D /* Main.storyboard in Resources */,
			);
			runOnlyForDeploymentPostprocessing = 0;
		};
/* End PBXResourcesBuildPhase section */

/* Begin PBXSourcesBuildPhase section */
		BBA05C3E24DF0F2000701D8D /* Sources */ = {
			isa = PBXSourcesBuildPhase;
			buildActionMask = 2147483647;
			files = (
				BBA05C4A24DF0F2000701D8D /* ViewController.swift in Sources */,
				BBA05C5024DF0F2000701D8D /* RT_ChatApp.xcdatamodeld in Sources */,
				BBA05C4624DF0F2000701D8D /* AppDelegate.swift in Sources */,
				BBA05C4824DF0F2000701D8D /* SceneDelegate.swift in Sources */,
			);
			runOnlyForDeploymentPostprocessing = 0;
		};
/* End PBXSourcesBuildPhase section */

/* Begin PBXVariantGroup section */
		BBA05C4B24DF0F2000701D8D /* Main.storyboard */ = {
			isa = PBXVariantGroup;
			children = (
				BBA05C4C24DF0F2000701D8D /* Base */,
			);
			name = Main.storyboard;
			sourceTree = "<group>";
		};
		BBA05C5324DF0F2400701D8D /* LaunchScreen.storyboard */ = {
			isa = PBXVariantGroup;
			children = (
				BBA05C5424DF0F2400701D8D /* Base */,
			);
			name = LaunchScreen.storyboard;
			sourceTree = "<group>";
		};
/* End PBXVariantGroup section */

/* Begin XCBuildConfiguration section */
		BBA05C5724DF0F2400701D8D /* Debug */ = {
			isa = XCBuildConfiguration;
			buildSettings = {
				ALWAYS_SEARCH_USER_PATHS = NO;
				CLANG_ANALYZER_NONNULL = YES;
				CLANG_ANALYZER_NUMBER_OBJECT_CONVERSION = YES_AGGRESSIVE;
				CLANG_CXX_LANGUAGE_STANDARD = "gnu++14";
				CLANG_CXX_LIBRARY = "libc++";
				CLANG_ENABLE_MODULES = YES;
				CLANG_ENABLE_OBJC_ARC = YES;
				CLANG_ENABLE_OBJC_WEAK = YES;
				CLANG_WARN_BLOCK_CAPTURE_AUTORELEASING = YES;
				CLANG_WARN_BOOL_CONVERSION = YES;
				CLANG_WARN_COMMA = YES;
				CLANG_WARN_CONSTANT_CONVERSION = YES;
				CLANG_WARN_DEPRECATED_OBJC_IMPLEMENTATIONS = YES;
				CLANG_WARN_DIRECT_OBJC_ISA_USAGE = YES_ERROR;
				CLANG_WARN_DOCUMENTATION_COMMENTS = YES;
				CLANG_WARN_EMPTY_BODY = YES;
				CLANG_WARN_ENUM_CONVERSION = YES;
				CLANG_WARN_INFINITE_RECURSION = YES;
				CLANG_WARN_INT_CONVERSION = YES;
				CLANG_WARN_NON_LITERAL_NULL_CONVERSION = YES;
				CLANG_WARN_OBJC_IMPLICIT_RETAIN_SELF = YES;
				CLANG_WARN_OBJC_LITERAL_CONVERSION = YES;
				CLANG_WARN_OBJC_ROOT_CLASS = YES_ERROR;
				CLANG_WARN_RANGE_LOOP_ANALYSIS = YES;
				CLANG_WARN_STRICT_PROTOTYPES = YES;
				CLANG_WARN_SUSPICIOUS_MOVE = YES;
				CLANG_WARN_UNGUARDED_AVAILABILITY = YES_AGGRESSIVE;
				CLANG_WARN_UNREACHABLE_CODE = YES;
				CLANG_WARN__DUPLICATE_METHOD_MATCH = YES;
				COPY_PHASE_STRIP = NO;
				DEBUG_INFORMATION_FORMAT = dwarf;
				ENABLE_STRICT_OBJC_MSGSEND = YES;
				ENABLE_TESTABILITY = YES;
				GCC_C_LANGUAGE_STANDARD = gnu11;
				GCC_DYNAMIC_NO_PIC = NO;
				GCC_NO_COMMON_BLOCKS = YES;
				GCC_OPTIMIZATION_LEVEL = 0;
				GCC_PREPROCESSOR_DEFINITIONS = (
					"DEBUG=1",
					"$(inherited)",
				);
				GCC_WARN_64_TO_32_BIT_CONVERSION = YES;
				GCC_WARN_ABOUT_RETURN_TYPE = YES_ERROR;
				GCC_WARN_UNDECLARED_SELECTOR = YES;
				GCC_WARN_UNINITIALIZED_AUTOS = YES_AGGRESSIVE;
				GCC_WARN_UNUSED_FUNCTION = YES;
				GCC_WARN_UNUSED_VARIABLE = YES;
				IPHONEOS_DEPLOYMENT_TARGET = 13.5;
				MTL_ENABLE_DEBUG_INFO = INCLUDE_SOURCE;
				MTL_FAST_MATH = YES;
				ONLY_ACTIVE_ARCH = YES;
				SDKROOT = iphoneos;
				SWIFT_ACTIVE_COMPILATION_CONDITIONS = DEBUG;
				SWIFT_OPTIMIZATION_LEVEL = "-Onone";
			};
			name = Debug;
		};
		BBA05C5824DF0F2400701D8D /* Release */ = {
			isa = XCBuildConfiguration;
			buildSettings = {
				ALWAYS_SEARCH_USER_PATHS = NO;
				CLANG_ANALYZER_NONNULL = YES;
				CLANG_ANALYZER_NUMBER_OBJECT_CONVERSION = YES_AGGRESSIVE;
				CLANG_CXX_LANGUAGE_STANDARD = "gnu++14";
				CLANG_CXX_LIBRARY = "libc++";
				CLANG_ENABLE_MODULES = YES;
				CLANG_ENABLE_OBJC_ARC = YES;
				CLANG_ENABLE_OBJC_WEAK = YES;
				CLANG_WARN_BLOCK_CAPTURE_AUTORELEASING = YES;
				CLANG_WARN_BOOL_CONVERSION = YES;
				CLANG_WARN_COMMA = YES;
				CLANG_WARN_CONSTANT_CONVERSION = YES;
				CLANG_WARN_DEPRECATED_OBJC_IMPLEMENTATIONS = YES;
				CLANG_WARN_DIRECT_OBJC_ISA_USAGE = YES_ERROR;
				CLANG_WARN_DOCUMENTATION_COMMENTS = YES;
				CLANG_WARN_EMPTY_BODY = YES;
				CLANG_WARN_ENUM_CONVERSION = YES;
				CLANG_WARN_INFINITE_RECURSION = YES;
				CLANG_WARN_INT_CONVERSION = YES;
				CLANG_WARN_NON_LITERAL_NULL_CONVERSION = YES;
				CLANG_WARN_OBJC_IMPLICIT_RETAIN_SELF = YES;
				CLANG_WARN_OBJC_LITERAL_CONVERSION = YES;
				CLANG_WARN_OBJC_ROOT_CLASS = YES_ERROR;
				CLANG_WARN_RANGE_LOOP_ANALYSIS = YES;
				CLANG_WARN_STRICT_PROTOTYPES = YES;
				CLANG_WARN_SUSPICIOUS_MOVE = YES;
				CLANG_WARN_UNGUARDED_AVAILABILITY = YES_AGGRESSIVE;
				CLANG_WARN_UNREACHABLE_CODE = YES;
				CLANG_WARN__DUPLICATE_METHOD_MATCH = YES;
				COPY_PHASE_STRIP = NO;
				DEBUG_INFORMATION_FORMAT = "dwarf-with-dsym";
				ENABLE_NS_ASSERTIONS = NO;
				ENABLE_STRICT_OBJC_MSGSEND = YES;
				GCC_C_LANGUAGE_STANDARD = gnu11;
				GCC_NO_COMMON_BLOCKS = YES;
				GCC_WARN_64_TO_32_BIT_CONVERSION = YES;
				GCC_WARN_ABOUT_RETURN_TYPE = YES_ERROR;
				GCC_WARN_UNDECLARED_SELECTOR = YES;
				GCC_WARN_UNINITIALIZED_AUTOS = YES_AGGRESSIVE;
				GCC_WARN_UNUSED_FUNCTION = YES;
				GCC_WARN_UNUSED_VARIABLE = YES;
				IPHONEOS_DEPLOYMENT_TARGET = 13.5;
				MTL_ENABLE_DEBUG_INFO = NO;
				MTL_FAST_MATH = YES;
				SDKROOT = iphoneos;
				SWIFT_COMPILATION_MODE = wholemodule;
				SWIFT_OPTIMIZATION_LEVEL = "-O";
				VALIDATE_PRODUCT = YES;
			};
			name = Release;
		};
		BBA05C5A24DF0F2400701D8D /* Debug */ = {
			isa = XCBuildConfiguration;
			buildSettings = {
				ASSETCATALOG_COMPILER_APPICON_NAME = AppIcon;
				CODE_SIGN_STYLE = Automatic;
				INFOPLIST_FILE = "RT-ChatApp/Info.plist";
				LD_RUNPATH_SEARCH_PATHS = (
					"$(inherited)",
					"@executable_path/Frameworks",
				);
				PRODUCT_BUNDLE_IDENTIFIER = "eye.corps.RT-ChatApp";
				PRODUCT_NAME = "$(TARGET_NAME)";
				SWIFT_VERSION = 5.0;
				TARGETED_DEVICE_FAMILY = "1,2";
			};
			name = Debug;
		};
		BBA05C5B24DF0F2400701D8D /* Release */ = {
			isa = XCBuildConfiguration;
			buildSettings = {
				ASSETCATALOG_COMPILER_APPICON_NAME = AppIcon;
				CODE_SIGN_STYLE = Automatic;
				INFOPLIST_FILE = "RT-ChatApp/Info.plist";
				LD_RUNPATH_SEARCH_PATHS = (
					"$(inherited)",
					"@executable_path/Frameworks",
				);
				PRODUCT_BUNDLE_IDENTIFIER = "eye.corps.RT-ChatApp";
				PRODUCT_NAME = "$(TARGET_NAME)";
				SWIFT_VERSION = 5.0;
				TARGETED_DEVICE_FAMILY = "1,2";
			};
			name = Release;
		};
/* End XCBuildConfiguration section */

/* Begin XCConfigurationList section */
		BBA05C3D24DF0F1F00701D8D /* Build configuration list for PBXProject "RT-ChatApp" */ = {
			isa = XCConfigurationList;
			buildConfigurations = (
				BBA05C5724DF0F2400701D8D /* Debug */,
				BBA05C5824DF0F2400701D8D /* Release */,
			);
			defaultConfigurationIsVisible = 0;
			defaultConfigurationName = Release;
		};
		BBA05C5924DF0F2400701D8D /* Build configuration list for PBXNativeTarget "RT-ChatApp" */ = {
			isa = XCConfigurationList;
			buildConfigurations = (
				BBA05C5A24DF0F2400701D8D /* Debug */,
				BBA05C5B24DF0F2400701D8D /* Release */,
			);
			defaultConfigurationIsVisible = 0;
			defaultConfigurationName = Release;
		};
/* End XCConfigurationList section */

/* Begin XCVersionGroup section */
		BBA05C4E24DF0F2000701D8D /* RT_ChatApp.xcdatamodeld */ = {
			isa = XCVersionGroup;
			children = (
				BBA05C4F24DF0F2000701D8D /* RT_ChatApp.xcdatamodel */,
			);
			currentVersion = BBA05C4F24DF0F2000701D8D /* RT_ChatApp.xcdatamodel */;
			path = RT_ChatApp.xcdatamodeld;
			sourceTree = "<group>";
			versionGroupType = wrapper.xcdatamodel;
		};
/* End XCVersionGroup section */
	};
	rootObject = BBA05C3A24DF0F1F00701D8D /* Project object */;
}
